
Microsoft Visual Studio Solution File, Format Version 12.00
# Visual Studio Version 17
VisualStudioVersion = 17.10.34928.147
MinimumVisualStudioVersion = 10.0.40219.1
Project("{9A19103F-16F7-4668-BE54-9A1E7A4F7556}") = "NZWalk.API", "NZWalk.API\NZWalk.API.csproj", "{443AA935-544E-46C2-9E52-8ABAF46640E2}"
EndProject
Project("{FAE04EC0-301F-11D3-BF4B-00C04F79EFBC}") = "NZWalk.UI", "NZWalk.UI\NZWalk.UI.csproj", "{B73312EF-DAD5-40D0-BC5B-87423D489608}"
EndProject
Global
	GlobalSection(SolutionConfigurationPlatforms) = preSolution
		Debug|Any CPU = Debug|Any CPU
		Release|Any CPU = Release|Any CPU
	EndGlobalSection
	GlobalSection(ProjectConfigurationPlatforms) = postSolution
		{443AA935-544E-46C2-9E52-8ABAF46640E2}.Debug|Any CPU.ActiveCfg = Debug|Any CPU
		{443AA935-544E-46C2-9E52-8ABAF46640E2}.Debug|Any CPU.Build.0 = Debug|Any CPU
		{443AA935-544E-46C2-9E52-8ABAF46640E2}.Release|Any CPU.ActiveCfg = Release|Any CPU
		{443AA935-544E-46C2-9E52-8ABAF46640E2}.Release|Any CPU.Build.0 = Release|Any CPU
		{B73312EF-DAD5-40D0-BC5B-87423D489608}.Debug|Any CPU.ActiveCfg = Debug|Any CPU
		{B73312EF-DAD5-40D0-BC5B-87423D489608}.Debug|Any CPU.Build.0 = Debug|Any CPU
		{B73312EF-DAD5-40D0-BC5B-87423D489608}.Release|Any CPU.ActiveCfg = Release|Any CPU
		{B73312EF-DAD5-40D0-BC5B-87423D489608}.Release|Any CPU.Build.0 = Release|Any CPU
	EndGlobalSection
	GlobalSection(SolutionProperties) = preSolution
		HideSolutionNode = FALSE
	EndGlobalSection
	GlobalSection(ExtensibilityGlobals) = postSolution
		SolutionGuid = {18828DF5-8FCF-4590-B03A-BE665DB9254F}
	EndGlobalSection
EndGlobal
